{
  "originHash" : "3f1ba64bc3f684963808691fc7f74e3a0e774426aeb1c2234a0b871bec5d43d5",
  "pins" : [
    {
      "identity" : "arcgis-maps-sdk-swift",
      "kind" : "remoteSourceControl",
      "location" : "https://github.com/Esri/arcgis-maps-sdk-swift",
      "state" : {
        "revision" : "adf75175cefe345d8f3ebebbb03d799e1cbd206d",
        "version" : "200.4.0"
      }
    },
    {
      "identity" : "arcgis-maps-sdk-swift-toolkit",
      "kind" : "remoteSourceControl",
      "location" : "https://github.com/Esri/arcgis-maps-sdk-swift-toolkit",
      "state" : {
        "revision" : "7b3553985cff4140163fb49c11bd741128e50d52",
        "version" : "200.4.0"
      }
    }
  ],
  "version" : 3
}
